
Microsoft Visual Studio Solution File, Format Version 12.00
# Visual Studio Version 17
VisualStudioVersion = 17.14.36310.24 d17.14
MinimumVisualStudioVersion = 10.0.40219.1
Project("{FAE04EC0-301F-11D3-BF4B-00C04F79EFBC}") = "EFTest", "EFTest\EFTest.csproj", "{C82B85BE-B944-4B8E-A0CF-3D0A918FBF23}"
EndProject
Global
	GlobalSection(SolutionConfigurationPlatforms) = preSolution
		Debug|Any CPU = Debug|Any CPU
		Release|Any CPU = Release|Any CPU
	EndGlobalSection
	GlobalSection(ProjectConfigurationPlatforms) = postSolution
		{C82B85BE-B944-4B8E-A0CF-3D0A918FBF23}.Debug|Any CPU.ActiveCfg = Debug|Any CPU
		{C82B85BE-B944-4B8E-A0CF-3D0A918FBF23}.Debug|Any CPU.Build.0 = Debug|Any CPU
		{C82B85BE-B944-4B8E-A0CF-3D0A918FBF23}.Release|Any CPU.ActiveCfg = Release|Any CPU
		{C82B85BE-B944-4B8E-A0CF-3D0A918FBF23}.Release|Any CPU.Build.0 = Release|Any CPU
	EndGlobalSection
	GlobalSection(SolutionProperties) = preSolution
		HideSolutionNode = FALSE
	EndGlobalSection
	GlobalSection(ExtensibilityGlobals) = postSolution
		SolutionGuid = {9545A875-E91F-43A9-9D1B-D9D993EDC59D}
	EndGlobalSection
EndGlobal
