
Microsoft Visual Studio Solution File, Format Version 12.00
# Visual Studio Version 17
VisualStudioVersion = 17.14.36203.30 d17.14
MinimumVisualStudioVersion = 10.0.40219.1
Project("{FAE04EC0-301F-11D3-BF4B-00C04F79EFBC}") = "EFTest", "EFTest\EFTest.csproj", "{A152A824-490C-4B2E-8B27-B541A86AD360}"
EndProject
Global
	GlobalSection(SolutionConfigurationPlatforms) = preSolution
		Debug|Any CPU = Debug|Any CPU
		Release|Any CPU = Release|Any CPU
	EndGlobalSection
	GlobalSection(ProjectConfigurationPlatforms) = postSolution
		{A152A824-490C-4B2E-8B27-B541A86AD360}.Debug|Any CPU.ActiveCfg = Debug|Any CPU
		{A152A824-490C-4B2E-8B27-B541A86AD360}.Debug|Any CPU.Build.0 = Debug|Any CPU
		{A152A824-490C-4B2E-8B27-B541A86AD360}.Release|Any CPU.ActiveCfg = Release|Any CPU
		{A152A824-490C-4B2E-8B27-B541A86AD360}.Release|Any CPU.Build.0 = Release|Any CPU
	EndGlobalSection
	GlobalSection(SolutionProperties) = preSolution
		HideSolutionNode = FALSE
	EndGlobalSection
	GlobalSection(ExtensibilityGlobals) = postSolution
		SolutionGuid = {BEE9C822-EE03-44D4-AA39-93E80D2F856C}
	EndGlobalSection
EndGlobal
